github.com/google/go-cmp v0.7.0 h1:wk8382ETsv4JYUZwIsn6YpYiWiBsYLSJiTsyBybVuN8=
github.com/google/go-cmp v0.7.0/go.mod h1:pXiqmnSA92OHEEa9HXL2W4E7lf9JzCmGVUdgjX3N/iU=
github.com/gregdel/pushover v1.4.0 h1:P77WAJ2zPG+b0mEsmMjWGrPMuvhkh9k3v7OviwsoveE=
github.com/gregdel/pushover v1.4.0/go.mod h1:EcaO66Nn1StkpEm1iKtBTV3d2A16SoMsVER1PthX7to=
github.com/jacaudi/nws v0.1.0 h1:+tDIZMhMrax3n1fm/w7Iiq5iE8rFMDsFIDg/n8CDdC0=
github.com/jacaudi/nws v0.1.0/go.mod h1:zP1k3IdjhDNlsm4cI5s/KO67OgGLu5aC2zbuJ1mL0ik=
github.com/jordan-wright/email v4.0.1-0.20210109023952-943e75fe5223+incompatible h1:jdpOPRN1zP63Td1hDQbZW73xKmzDvZHzVdNYxhnTMDA=
github.com/jordan-wright/email v4.0.1-0.20210109023952-943e75fe5223+incompatible/go.mod h1:1c7szIrayyPPB/987hsnvNzLushdWf4o/79s3P08L8A=
github.com/nikoksr/notify v1.6.0 h1:H9pyvNyo4/47vn7uPTBbb+ld6Y/KmpXo9Ghf8cGqAlU=
github.com/nikoksr/notify v1.6.0/go.mod h1:GBrx8S2GI0ZtXdobxNmXJjPJN4P6qXbjPW78zlLSg6s=
github.com/stretchr/objx v0.5.3 h1:jmXUvGomnU1o3W/V5h2VEradbpJDwGrzugQQvL0POH4=
github.com/stretchr/objx v0.5.3/go.mod h1:rDQraq+vQZU7Fde9LOZLr8Tax6zZvy4kuNKF+QYS+U0=
github.com/stretchr/testify v1.12.1 h1:EuwCh5fleGS7H32xRwO3wRGT7DxrDhLAT6FF8MpWDWE=
github.com/stretchr/testify v1.12.1/go.mod h1:MDEgiDPPsNp5cuIrHPPCyornHKgEVbtFUmoNlxoYthg=
go.yaml.in/yaml/v3 v3.0.5 h1:N6y/pJk8buWs9NY5ERU2HSMfm+IuD/OtfdAnq6kESPw=
go.yaml.in/yaml/v3 v3.0.5/go.mod h1:HVTZu1O7/Vkt2N+BFy8Zza+lnLsABggaTM2ZpNIGuKg=
golang.org/x/sync v0.22.0 h1:SZjpbeLmrCk4xhRSZFNZW5gFUeCeFgjekvI/+gfScek=
golang.org/x/sync v0.22.0/go.mod h1:9xrNwdLfx4jkKbNva9FpL6vEN7evnE43NNNJQ2LF3+0=
